
Microsoft Visual Studio Solution File, Format Version 12.00
# Visual Studio Version 16
VisualStudioVersion = 16.0.31727.386
MinimumVisualStudioVersion = 10.0.40219.1
Project("{FAE04EC0-301F-11D3-BF4B-00C04F79EFBC}") = "CubeGamesCase", "CubeGamesCase.csproj", "{6AE57A57-8896-4D13-8170-D583D5DFBB2C}"
EndProject
Project("{FAE04EC0-301F-11D3-BF4B-00C04F79EFBC}") = "CubeGamesCase_DAL", "..\CubeGamesCase_DAL\CubeGamesCase_DAL.csproj", "{D1532F1D-E6F7-498C-BC79-08AFE4D8A17C}"
EndProject
Project("{FAE04EC0-301F-11D3-BF4B-00C04F79EFBC}") = "CubeGamesCase_Model", "..\CubeGamesCase_Model\CubeGamesCase_Model.csproj", "{7245F845-CA9C-420E-A3E9-72EED2C27B75}"
EndProject
Global
	GlobalSection(SolutionConfigurationPlatforms) = preSolution
		Debug|Any CPU = Debug|Any CPU
		Release|Any CPU = Release|Any CPU
	EndGlobalSection
	GlobalSection(ProjectConfigurationPlatforms) = postSolution
		{6AE57A57-8896-4D13-8170-D583D5DFBB2C}.Debug|Any CPU.ActiveCfg = Debug|Any CPU
		{6AE57A57-8896-4D13-8170-D583D5DFBB2C}.Debug|Any CPU.Build.0 = Debug|Any CPU
		{6AE57A57-8896-4D13-8170-D583D5DFBB2C}.Release|Any CPU.ActiveCfg = Release|Any CPU
		{6AE57A57-8896-4D13-8170-D583D5DFBB2C}.Release|Any CPU.Build.0 = Release|Any CPU
		{D1532F1D-E6F7-498C-BC79-08AFE4D8A17C}.Debug|Any CPU.ActiveCfg = Debug|Any CPU
		{D1532F1D-E6F7-498C-BC79-08AFE4D8A17C}.Debug|Any CPU.Build.0 = Debug|Any CPU
		{D1532F1D-E6F7-498C-BC79-08AFE4D8A17C}.Release|Any CPU.ActiveCfg = Release|Any CPU
		{D1532F1D-E6F7-498C-BC79-08AFE4D8A17C}.Release|Any CPU.Build.0 = Release|Any CPU
		{7245F845-CA9C-420E-A3E9-72EED2C27B75}.Debug|Any CPU.ActiveCfg = Debug|Any CPU
		{7245F845-CA9C-420E-A3E9-72EED2C27B75}.Debug|Any CPU.Build.0 = Debug|Any CPU
		{7245F845-CA9C-420E-A3E9-72EED2C27B75}.Release|Any CPU.ActiveCfg = Release|Any CPU
		{7245F845-CA9C-420E-A3E9-72EED2C27B75}.Release|Any CPU.Build.0 = Release|Any CPU
	EndGlobalSection
	GlobalSection(SolutionProperties) = preSolution
		HideSolutionNode = FALSE
	EndGlobalSection
	GlobalSection(ExtensibilityGlobals) = postSolution
		SolutionGuid = {98628A72-ACF7-40AC-B17D-4CB07604DDCC}
	EndGlobalSection
EndGlobal
